// !$*UTF8*$!
{
	archiveVersion = 1;
	classes = {
	};
	objectVersion = 48;
	objects = {

/* Begin PBXBuildFile section */
		8219A062219F875100ADFC95 /* AppDelegate.swift in Sources */ = {isa = PBXBuildFile; fileRef = 8219A061219F875100ADFC95 /* AppDelegate.swift */; };
		8219A064219F875100ADFC95 /* ViewController.swift in Sources */ = {isa = PBXBuildFile; fileRef = 8219A063219F875100ADFC95 /* ViewController.swift */; };
		8219A067219F875100ADFC95 /* Main.storyboard in Resources */ = {isa = PBXBuildFile; fileRef = 8219A065219F875100ADFC95 /* Main.storyboard */; };
		8219A069219F875100ADFC95 /* Assets.xcassets in Resources */ = {isa = PBXBuildFile; fileRef = 8219A068219F875100ADFC95 /* Assets.xcassets */; };
		8219A06C219F875100ADFC95 /* LaunchScreen.storyboard in Resources */ = {isa = PBXBuildFile; fileRef = 8219A06A219F875100ADFC95 /* LaunchScreen.storyboard */; };
		8219A077219F875100ADFC95 /* Whats_the_WeatherTests.swift in Sources */ = {isa = PBXBuildFile; fileRef = 8219A076219F875100ADFC95 /* Whats_the_WeatherTests.swift */; };
		8219A082219F875100ADFC95 /* Whats_the_WeatherUITests.swift in Sources */ = {isa = PBXBuildFile; fileRef = 8219A081219F875100ADFC95 /* Whats_the_WeatherUITests.swift */; };
		8219A092219F87B000ADFC95 /* untitled (63 of 151).jpg in Resources */ = {isa = PBXBuildFile; fileRef = 8219A091219F87B000ADFC95 /* untitled (63 of 151).jpg */; };
/* End PBXBuildFile section */

/* Begin PBXContainerItemProxy section */
		8219A073219F875100ADFC95 /* PBXContainerItemProxy */ = {
			isa = PBXContainerItemProxy;
			containerPortal = 8219A056219F875100ADFC95 /* Project object */;
			proxyType = 1;
			remoteGlobalIDString = 8219A05D219F875100ADFC95;
			remoteInfo = "Whats the Weather";
		};
		8219A07E219F875100ADFC95 /* PBXContainerItemProxy */ = {
			isa = PBXContainerItemProxy;
			containerPortal = 8219A056219F875100ADFC95 /* Project object */;
			proxyType = 1;
			remoteGlobalIDString = 8219A05D219F875100ADFC95;
			remoteInfo = "Whats the Weather";
		};
/* End PBXContainerItemProxy section */

/* Begin PBXFileReference section */
		8219A05E219F875100ADFC95 /* Whats the Weather.app */ = {isa = PBXFileReference; explicitFileType = wrapper.application; includeInIndex = 0; path = "Whats the Weather.app"; sourceTree = BUILT_PRODUCTS_DIR; };
		8219A061219F875100ADFC95 /* AppDelegate.swift */ = {isa = PBXFileReference; lastKnownFileType = sourcecode.swift; path = AppDelegate.swift; sourceTree = "<group>"; };
		8219A063219F875100ADFC95 /* ViewController.swift */ = {isa = PBXFileReference; lastKnownFileType = sourcecode.swift; path = ViewController.swift; sourceTree = "<group>"; };
		8219A066219F875100ADFC95 /* Base */ = {isa = PBXFileReference; lastKnownFileType = file.storyboard; name = Base; path = Base.lproj/Main.storyboard; sourceTree = "<group>"; };
		8219A068219F875100ADFC95 /* Assets.xcassets */ = {isa = PBXFileReference; lastKnownFileType = folder.assetcatalog; path = Assets.xcassets; sourceTree = "<group>"; };
		8219A06B219F875100ADFC95 /* Base */ = {isa = PBXFileReference; lastKnownFileType = file.storyboard; name = Base; path = Base.lproj/LaunchScreen.storyboard; sourceTree = "<group>"; };
		8219A06D219F875100ADFC95 /* Info.plist */ = {isa = PBXFileReference; lastKnownFileType = text.plist.xml; path = Info.plist; sourceTree = "<group>"; };
		8219A072219F875100ADFC95 /* Whats the WeatherTests.xctest */ = {isa = PBXFileReference; explicitFileType = wrapper.cfbundle; includeInIndex = 0; path = "Whats the WeatherTests.xctest"; sourceTree = BUILT_PRODUCTS_DIR; };
		8219A076219F875100ADFC95 /* Whats_the_WeatherTests.swift */ = {isa = PBXFileReference; lastKnownFileType = sourcecode.swift; path = Whats_the_WeatherTests.swift; sourceTree = "<group>"; };
		8219A078219F875100ADFC95 /* Info.plist */ = {isa = PBXFileReference; lastKnownFileType = text.plist.xml; path = Info.plist; sourceTree = "<group>"; };
		8219A07D219F875100ADFC95 /* Whats the WeatherUITests.xctest */ = {isa = PBXFileReference; explicitFileType = wrapper.cfbundle; includeInIndex = 0; path = "Whats the WeatherUITests.xctest"; sourceTree = BUILT_PRODUCTS_DIR; };
		8219A081219F875100ADFC95 /* Whats_the_WeatherUITests.swift */ = {isa = PBXFileReference; lastKnownFileType = sourcecode.swift; path = Whats_the_WeatherUITests.swift; sourceTree = "<group>"; };
		8219A083219F875100ADFC95 /* Info.plist */ = {isa = PBXFileReference; lastKnownFileType = text.plist.xml; path = Info.plist; sourceTree = "<group>"; };
		8219A091219F87B000ADFC95 /* untitled (63 of 151).jpg */ = {isa = PBXFileReference; lastKnownFileType = image.jpeg; path = "untitled (63 of 151).jpg"; sourceTree = "<group>"; };
/* End PBXFileReference section */

/* Begin PBXFrameworksBuildPhase section */
		8219A05B219F875100ADFC95 /* Frameworks */ = {
			isa = PBXFrameworksBuildPhase;
			buildActionMask = 2147483647;
			files = (
			);
			runOnlyForDeploymentPostprocessing = 0;
		};
		8219A06F219F875100ADFC95 /* Frameworks */ = {
			isa = PBXFrameworksBuildPhase;
			buildActionMask = 2147483647;
			files = (
			);
			runOnlyForDeploymentPostprocessing = 0;
		};
		8219A07A219F875100ADFC95 /* Frameworks */ = {
			isa = PBXFrameworksBuildPhase;
			buildActionMask = 2147483647;
			files = (
			);
			runOnlyForDeploymentPostprocessing = 0;
		};
/* End PBXFrameworksBuildPhase section */

/* Begin PBXGroup section */
		8219A055219F875100ADFC95 = {
			isa = PBXGroup;
			children = (
				8219A060219F875100ADFC95 /* Whats the Weather */,
				8219A075219F875100ADFC95 /* Whats the WeatherTests */,
				8219A080219F875100ADFC95 /* Whats the WeatherUITests */,
				8219A05F219F875100ADFC95 /* Products */,
			);
			sourceTree = "<group>";
		};
		8219A05F219F875100ADFC95 /* Products */ = {
			isa = PBXGroup;
			children = (
				8219A05E219F875100ADFC95 /* Whats the Weather.app */,
				8219A072219F875100ADFC95 /* Whats the WeatherTests.xctest */,
				8219A07D219F875100ADFC95 /* Whats the WeatherUITests.xctest */,
			);
			name = Products;
			sourceTree = "<group>";
		};
		8219A060219F875100ADFC95 /* Whats the Weather */ = {
			isa = PBXGroup;
			children = (
				8219A061219F875100ADFC95 /* AppDelegate.swift */,
				8219A063219F875100ADFC95 /* ViewController.swift */,
				8219A065219F875100ADFC95 /* Main.storyboard */,
				8219A091219F87B000ADFC95 /* untitled (63 of 151).jpg */,
				8219A068219F875100ADFC95 /* Assets.xcassets */,
				8219A06A219F875100ADFC95 /* LaunchScreen.storyboard */,
				8219A06D219F875100ADFC95 /* Info.plist */,
			);
			path = "Whats the Weather";
			sourceTree = "<group>";
		};
		8219A075219F875100ADFC95 /* Whats the WeatherTests */ = {
			isa = PBXGroup;
			children = (
				8219A076219F875100ADFC95 /* Whats_the_WeatherTests.swift */,
				8219A078219F875100ADFC95 /* Info.plist */,
			);
			path = "Whats the WeatherTests";
			sourceTree = "<group>";
		};
		8219A080219F875100ADFC95 /* Whats the WeatherUITests */ = {
			isa = PBXGroup;
			children = (
				8219A081219F875100ADFC95 /* Whats_the_WeatherUITests.swift */,
				8219A083219F875100ADFC95 /* Info.plist */,
			);
			path = "Whats the WeatherUITests";
			sourceTree = "<group>";
		};
/* End PBXGroup section */

/* Begin PBXNativeTarget section */
		8219A05D219F875100ADFC95 /* Whats the Weather */ = {
			isa = PBXNativeTarget;
			buildConfigurationList = 8219A086219F875100ADFC95 /* Build configuration list for PBXNativeTarget "Whats the Weather" */;
			buildPhases = (
				8219A05A219F875100ADFC95 /* Sources */,
				8219A05B219F875100ADFC95 /* Frameworks */,
				8219A05C219F875100ADFC95 /* Resources */,
			);
			buildRules = (
			);
			dependencies = (
			);
			name = "Whats the Weather";
			productName = "Whats the Weather";
			productReference = 8219A05E219F875100ADFC95 /* Whats the Weather.app */;
			productType = "com.apple.product-type.application";
		};
		8219A071219F875100ADFC95 /* Whats the WeatherTests */ = {
			isa = PBXNativeTarget;
			buildConfigurationList = 8219A089219F875100ADFC95 /* Build configuration list for PBXNativeTarget "Whats the WeatherTests" */;
			buildPhases = (
				8219A06E219F875100ADFC95 /* Sources */,
				8219A06F219F875100ADFC95 /* Frameworks */,
				8219A070219F875100ADFC95 /* Resources */,
			);
			buildRules = (
			);
			dependencies = (
				8219A074219F875100ADFC95 /* PBXTargetDependency */,
			);
			name = "Whats the WeatherTests";
			productName = "Whats the WeatherTests";
			productReference = 8219A072219F875100ADFC95 /* Whats the WeatherTests.xctest */;
			productType = "com.apple.product-type.bundle.unit-test";
		};
		8219A07C219F875100ADFC95 /* Whats the WeatherUITests */ = {
			isa = PBXNativeTarget;
			buildConfigurationList = 8219A08C219F875100ADFC95 /* Build configuration list for PBXNativeTarget "Whats the WeatherUITests" */;
			buildPhases = (
				8219A079219F875100ADFC95 /* Sources */,
				8219A07A219F875100ADFC95 /* Frameworks */,
				8219A07B219F875100ADFC95 /* Resources */,
			);
			buildRules = (
			);
			dependencies = (
				8219A07F219F875100ADFC95 /* PBXTargetDependency */,
			);
			name = "Whats the WeatherUITests";
			productName = "Whats the WeatherUITests";
			productReference = 8219A07D219F875100ADFC95 /* Whats the WeatherUITests.xctest */;
			productType = "com.apple.product-type.bundle.ui-testing";
		};
/* End PBXNativeTarget section */

/* Begin PBXProject section */
		8219A056219F875100ADFC95 /* Project object */ = {
			isa = PBXProject;
			attributes = {
				LastSwiftUpdateCheck = 0920;
				LastUpgradeCheck = 0920;
				ORGANIZATIONNAME = "Sonja Olson";
				TargetAttributes = {
					8219A05D219F875100ADFC95 = {
						CreatedOnToolsVersion = 9.2;
						ProvisioningStyle = Automatic;
					};
					8219A071219F875100ADFC95 = {
						CreatedOnToolsVersion = 9.2;
						ProvisioningStyle = Automatic;
						TestTargetID = 8219A05D219F875100ADFC95;
					};
					8219A07C219F875100ADFC95 = {
						CreatedOnToolsVersion = 9.2;
						ProvisioningStyle = Automatic;
						TestTargetID = 8219A05D219F875100ADFC95;
					};
				};
			};
			buildConfigurationList = 8219A059219F875100ADFC95 /* Build configuration list for PBXProject "Whats the Weather" */;
			compatibilityVersion = "Xcode 8.0";
			developmentRegion = en;
			hasScannedForEncodings = 0;
			knownRegions = (
				en,
				Base,
			);
			mainGroup = 8219A055219F875100ADFC95;
			productRefGroup = 8219A05F219F875100ADFC95 /* Products */;
			projectDirPath = "";
			projectRoot = "";
			targets = (
				8219A05D219F875100ADFC95 /* Whats the Weather */,
				8219A071219F875100ADFC95 /* Whats the WeatherTests */,
				8219A07C219F875100ADFC95 /* Whats the WeatherUITests */,
			);
		};
/* End PBXProject section */

/* Begin PBXResourcesBuildPhase section */
		8219A05C219F875100ADFC95 /* Resources */ = {
			isa = PBXResourcesBuildPhase;
			buildActionMask = 2147483647;
			files = (
				8219A06C219F875100ADFC95 /* LaunchScreen.storyboard in Resources */,
				8219A069219F875100ADFC95 /* Assets.xcassets in Resources */,
				8219A067219F875100ADFC95 /* Main.storyboard in Resources */,
				8219A092219F87B000ADFC95 /* untitled (63 of 151).jpg in Resources */,
			);
			runOnlyForDeploymentPostprocessing = 0;
		};
		8219A070219F875100ADFC95 /* Resources */ = {
			isa = PBXResourcesBuildPhase;
			buildActionMask = 2147483647;
			files = (
			);
			runOnlyForDeploymentPostprocessing = 0;
		};
		8219A07B219F875100ADFC95 /* Resources */ = {
			isa = PBXResourcesBuildPhase;
			buildActionMask = 2147483647;
			files = (
			);
			runOnlyForDeploymentPostprocessing = 0;
		};
/* End PBXResourcesBuildPhase section */

/* Begin PBXSourcesBuildPhase section */
		8219A05A219F875100ADFC95 /* Sources */ = {
			isa = PBXSourcesBuildPhase;
			buildActionMask = 2147483647;
			files = (
				8219A064219F875100ADFC95 /* ViewController.swift in Sources */,
				8219A062219F875100ADFC95 /* AppDelegate.swift in Sources */,
			);
			runOnlyForDeploymentPostprocessing = 0;
		};
		8219A06E219F875100ADFC95 /* Sources */ = {
			isa = PBXSourcesBuildPhase;
			buildActionMask = 2147483647;
			files = (
				8219A077219F875100ADFC95 /* Whats_the_WeatherTests.swift in Sources */,
			);
			runOnlyForDeploymentPostprocessing = 0;
		};
		8219A079219F875100ADFC95 /* Sources */ = {
			isa = PBXSourcesBuildPhase;
			buildActionMask = 2147483647;
			files = (
				8219A082219F875100ADFC95 /* Whats_the_WeatherUITests.swift in Sources */,
			);
			runOnlyForDeploymentPostprocessing = 0;
		};
/* End PBXSourcesBuildPhase section */

/* Begin PBXTargetDependency section */
		8219A074219F875100ADFC95 /* PBXTargetDependency */ = {
			isa = PBXTargetDependency;
			target = 8219A05D219F875100ADFC95 /* Whats the Weather */;
			targetProxy = 8219A073219F875100ADFC95 /* PBXContainerItemProxy */;
		};
		8219A07F219F875100ADFC95 /* PBXTargetDependency */ = {
			isa = PBXTargetDependency;
			target = 8219A05D219F875100ADFC95 /* Whats the Weather */;
			targetProxy = 8219A07E219F875100ADFC95 /* PBXContainerItemProxy */;
		};
/* End PBXTargetDependency section */

/* Begin PBXVariantGroup section */
		8219A065219F875100ADFC95 /* Main.storyboard */ = {
			isa = PBXVariantGroup;
			children = (
				8219A066219F875100ADFC95 /* Base */,
			);
			name = Main.storyboard;
			sourceTree = "<group>";
		};
		8219A06A219F875100ADFC95 /* LaunchScreen.storyboard */ = {
			isa = PBXVariantGroup;
			children = (
				8219A06B219F875100ADFC95 /* Base */,
			);
			name = LaunchScreen.storyboard;
			sourceTree = "<group>";
		};
/* End PBXVariantGroup section */

/* Begin XCBuildConfiguration section */
		8219A084219F875100ADFC95 /* Debug */ = {
			isa = XCBuildConfiguration;
			buildSettings = {
				ALWAYS_SEARCH_USER_PATHS = NO;
				CLANG_ANALYZER_NONNULL = YES;
				CLANG_ANALYZER_NUMBER_OBJECT_CONVERSION = YES_AGGRESSIVE;
				CLANG_CXX_LANGUAGE_STANDARD = "gnu++14";
				CLANG_CXX_LIBRARY = "libc++";
				CLANG_ENABLE_MODULES = YES;
				CLANG_ENABLE_OBJC_ARC = YES;
				CLANG_WARN_BLOCK_CAPTURE_AUTORELEASING = YES;
				CLANG_WARN_BOOL_CONVERSION = YES;
				CLANG_WARN_COMMA = YES;
				CLANG_WARN_CONSTANT_CONVERSION = YES;
				CLANG_WARN_DIRECT_OBJC_ISA_USAGE = YES_ERROR;
				CLANG_WARN_DOCUMENTATION_COMMENTS = YES;
				CLANG_WARN_EMPTY_BODY = YES;
				CLANG_WARN_ENUM_CONVERSION = YES;
				CLANG_WARN_INFINITE_RECURSION = YES;
				CLANG_WARN_INT_CONVERSION = YES;
				CLANG_WARN_NON_LITERAL_NULL_CONVERSION = YES;
				CLANG_WARN_OBJC_LITERAL_CONVERSION = YES;
				CLANG_WARN_OBJC_ROOT_CLASS = YES_ERROR;
				CLANG_WARN_RANGE_LOOP_ANALYSIS = YES;
				CLANG_WARN_STRICT_PROTOTYPES = YES;
				CLANG_WARN_SUSPICIOUS_MOVE = YES;
				CLANG_WARN_UNGUARDED_AVAILABILITY = YES_AGGRESSIVE;
				CLANG_WARN_UNREACHABLE_CODE = YES;
				CLANG_WARN__DUPLICATE_METHOD_MATCH = YES;
				CODE_SIGN_IDENTITY = "iPhone Developer";
				COPY_PHASE_STRIP = NO;
				DEBUG_INFORMATION_FORMAT = dwarf;
				ENABLE_STRICT_OBJC_MSGSEND = YES;
				ENABLE_TESTABILITY = YES;
				GCC_C_LANGUAGE_STANDARD = gnu11;
				GCC_DYNAMIC_NO_PIC = NO;
				GCC_NO_COMMON_BLOCKS = YES;
				GCC_OPTIMIZATION_LEVEL = 0;
				GCC_PREPROCESSOR_DEFINITIONS = (
					"DEBUG=1",
					"$(inherited)",
				);
				GCC_WARN_64_TO_32_BIT_CONVERSION = YES;
				GCC_WARN_ABOUT_RETURN_TYPE = YES_ERROR;
				GCC_WARN_UNDECLARED_SELECTOR = YES;
				GCC_WARN_UNINITIALIZED_AUTOS = YES_AGGRESSIVE;
				GCC_WARN_UNUSED_FUNCTION = YES;
				GCC_WARN_UNUSED_VARIABLE = YES;
				IPHONEOS_DEPLOYMENT_TARGET = 11.2;
				MTL_ENABLE_DEBUG_INFO = YES;
				ONLY_ACTIVE_ARCH = YES;
				SDKROOT = iphoneos;
				SWIFT_ACTIVE_COMPILATION_CONDITIONS = DEBUG;
				SWIFT_OPTIMIZATION_LEVEL = "-Onone";
			};
			name = Debug;
		};
		8219A085219F875100ADFC95 /* Release */ = {
			isa = XCBuildConfiguration;
			buildSettings = {
				ALWAYS_SEARCH_USER_PATHS = NO;
				CLANG_ANALYZER_NONNULL = YES;
				CLANG_ANALYZER_NUMBER_OBJECT_CONVERSION = YES_AGGRESSIVE;
				CLANG_CXX_LANGUAGE_STANDARD = "gnu++14";
				CLANG_CXX_LIBRARY = "libc++";
				CLANG_ENABLE_MODULES = YES;
				CLANG_ENABLE_OBJC_ARC = YES;
				CLANG_WARN_BLOCK_CAPTURE_AUTORELEASING = YES;
				CLANG_WARN_BOOL_CONVERSION = YES;
				CLANG_WARN_COMMA = YES;
				CLANG_WARN_CONSTANT_CONVERSION = YES;
				CLANG_WARN_DIRECT_OBJC_ISA_USAGE = YES_ERROR;
				CLANG_WARN_DOCUMENTATION_COMMENTS = YES;
				CLANG_WARN_EMPTY_BODY = YES;
				CLANG_WARN_ENUM_CONVERSION = YES;
				CLANG_WARN_INFINITE_RECURSION = YES;
				CLANG_WARN_INT_CONVERSION = YES;
				CLANG_WARN_NON_LITERAL_NULL_CONVERSION = YES;
				CLANG_WARN_OBJC_LITERAL_CONVERSION = YES;
				CLANG_WARN_OBJC_ROOT_CLASS = YES_ERROR;
				CLANG_WARN_RANGE_LOOP_ANALYSIS = YES;
				CLANG_WARN_STRICT_PROTOTYPES = YES;
				CLANG_WARN_SUSPICIOUS_MOVE = YES;
				CLANG_WARN_UNGUARDED_AVAILABILITY = YES_AGGRESSIVE;
				CLANG_WARN_UNREACHABLE_CODE = YES;
				CLANG_WARN__DUPLICATE_METHOD_MATCH = YES;
				CODE_SIGN_IDENTITY = "iPhone Developer";
				COPY_PHASE_STRIP = NO;
				DEBUG_INFORMATION_FORMAT = "dwarf-with-dsym";
				ENABLE_NS_ASSERTIONS = NO;
				ENABLE_STRICT_OBJC_MSGSEND = YES;
				GCC_C_LANGUAGE_STANDARD = gnu11;
				GCC_NO_COMMON_BLOCKS = YES;
				GCC_WARN_64_TO_32_BIT_CONVERSION = YES;
				GCC_WARN_ABOUT_RETURN_TYPE = YES_ERROR;
				GCC_WARN_UNDECLARED_SELECTOR = YES;
				GCC_WARN_UNINITIALIZED_AUTOS = YES_AGGRESSIVE;
				GCC_WARN_UNUSED_FUNCTION = YES;
				GCC_WARN_UNUSED_VARIABLE = YES;
				IPHONEOS_DEPLOYMENT_TARGET = 11.2;
				MTL_ENABLE_DEBUG_INFO = NO;
				SDKROOT = iphoneos;
				SWIFT_OPTIMIZATION_LEVEL = "-Owholemodule";
				VALIDATE_PRODUCT = YES;
			};
			name = Release;
		};
		8219A087219F875100ADFC95 /* Debug */ = {
			isa = XCBuildConfiguration;
			buildSettings = {
				ASSETCATALOG_COMPILER_APPICON_NAME = AppIcon;
				CODE_SIGN_STYLE = Automatic;
				INFOPLIST_FILE = "Whats the Weather/Info.plist";
				LD_RUNPATH_SEARCH_PATHS = "$(inherited) @executable_path/Frameworks";
				PRODUCT_BUNDLE_IDENTIFIER = "WAA.Whats-the-Weather";
				PRODUCT_NAME = "$(TARGET_NAME)";
				SWIFT_VERSION = 4.0;
				TARGETED_DEVICE_FAMILY = "1,2";
			};
			name = Debug;
		};
		8219A088219F875100ADFC95 /* Release */ = {
			isa = XCBuildConfiguration;
			buildSettings = {
				ASSETCATALOG_COMPILER_APPICON_NAME = AppIcon;
				CODE_SIGN_STYLE = Automatic;
				INFOPLIST_FILE = "Whats the Weather/Info.plist";
				LD_RUNPATH_SEARCH_PATHS = "$(inherited) @executable_path/Frameworks";
				PRODUCT_BUNDLE_IDENTIFIER = "WAA.Whats-the-Weather";
				PRODUCT_NAME = "$(TARGET_NAME)";
				SWIFT_VERSION = 4.0;
				TARGETED_DEVICE_FAMILY = "1,2";
			};
			name = Release;
		};
		8219A08A219F875100ADFC95 /* Debug */ = {
			isa = XCBuildConfiguration;
			buildSettings = {
				ALWAYS_EMBED_SWIFT_STANDARD_LIBRARIES = YES;
				BUNDLE_LOADER = "$(TEST_HOST)";
				CODE_SIGN_STYLE = Automatic;
				INFOPLIST_FILE = "Whats the WeatherTests/Info.plist";
				LD_RUNPATH_SEARCH_PATHS = "$(inherited) @executable_path/Frameworks @loader_path/Frameworks";
				PRODUCT_BUNDLE_IDENTIFIER = "WAA.Whats-the-WeatherTests";
				PRODUCT_NAME = "$(TARGET_NAME)";
				SWIFT_VERSION = 4.0;
				TARGETED_DEVICE_FAMILY = "1,2";
				TEST_HOST = "$(BUILT_PRODUCTS_DIR)/Whats the Weather.app/Whats the Weather";
			};
			name = Debug;
		};
		8219A08B219F875100ADFC95 /* Release */ = {
			isa = XCBuildConfiguration;
			buildSettings = {
				ALWAYS_EMBED_SWIFT_STANDARD_LIBRARIES = YES;
				BUNDLE_LOADER = "$(TEST_HOST)";
				CODE_SIGN_STYLE = Automatic;
				INFOPLIST_FILE = "Whats the WeatherTests/Info.plist";
				LD_RUNPATH_SEARCH_PATHS = "$(inherited) @executable_path/Frameworks @loader_path/Frameworks";
				PRODUCT_BUNDLE_IDENTIFIER = "WAA.Whats-the-WeatherTests";
				PRODUCT_NAME = "$(TARGET_NAME)";
				SWIFT_VERSION = 4.0;
				TARGETED_DEVICE_FAMILY = "1,2";
				TEST_HOST = "$(BUILT_PRODUCTS_DIR)/Whats the Weather.app/Whats the Weather";
			};
			name = Release;
		};
		8219A08D219F875100ADFC95 /* Debug */ = {
			isa = XCBuildConfiguration;
			buildSettings = {
				ALWAYS_EMBED_SWIFT_STANDARD_LIBRARIES = YES;
				CODE_SIGN_STYLE = Automatic;
				INFOPLIST_FILE = "Whats the WeatherUITests/Info.plist";
				LD_RUNPATH_SEARCH_PATHS = "$(inherited) @executable_path/Frameworks @loader_path/Frameworks";
				PRODUCT_BUNDLE_IDENTIFIER = "WAA.Whats-the-WeatherUITests";
				PRODUCT_NAME = "$(TARGET_NAME)";
				SWIFT_VERSION = 4.0;
				TARGETED_DEVICE_FAMILY = "1,2";
				TEST_TARGET_NAME = "Whats the Weather";
			};
			name = Debug;
		};
		8219A08E219F875100ADFC95 /* Release */ = {
			isa = XCBuildConfiguration;
			buildSettings = {
				ALWAYS_EMBED_SWIFT_STANDARD_LIBRARIES = YES;
				CODE_SIGN_STYLE = Automatic;
				INFOPLIST_FILE = "Whats the WeatherUITests/Info.plist";
				LD_RUNPATH_SEARCH_PATHS = "$(inherited) @executable_path/Frameworks @loader_path/Frameworks";
				PRODUCT_BUNDLE_IDENTIFIER = "WAA.Whats-the-WeatherUITests";
				PRODUCT_NAME = "$(TARGET_NAME)";
				SWIFT_VERSION = 4.0;
				TARGETED_DEVICE_FAMILY = "1,2";
				TEST_TARGET_NAME = "Whats the Weather";
			};
			name = Release;
		};
/* End XCBuildConfiguration section */

/* Begin XCConfigurationList section */
		8219A059219F875100ADFC95 /* Build configuration list for PBXProject "Whats the Weather" */ = {
			isa = XCConfigurationList;
			buildConfigurations = (
				8219A084219F875100ADFC95 /* Debug */,
				8219A085219F875100ADFC95 /* Release */,
			);
			defaultConfigurationIsVisible = 0;
			defaultConfigurationName = Release;
		};
		8219A086219F875100ADFC95 /* Build configuration list for PBXNativeTarget "Whats the Weather" */ = {
			isa = XCConfigurationList;
			buildConfigurations = (
				8219A087219F875100ADFC95 /* Debug */,
				8219A088219F875100ADFC95 /* Release */,
			);
			defaultConfigurationIsVisible = 0;
			defaultConfigurationName = Release;
		};
		8219A089219F875100ADFC95 /* Build configuration list for PBXNativeTarget "Whats the WeatherTests" */ = {
			isa = XCConfigurationList;
			buildConfigurations = (
				8219A08A219F875100ADFC95 /* Debug */,
				8219A08B219F875100ADFC95 /* Release */,
			);
			defaultConfigurationIsVisible = 0;
			defaultConfigurationName = Release;
		};
		8219A08C219F875100ADFC95 /* Build configuration list for PBXNativeTarget "Whats the WeatherUITests" */ = {
			isa = XCConfigurationList;
			buildConfigurations = (
				8219A08D219F875100ADFC95 /* Debug */,
				8219A08E219F875100ADFC95 /* Release */,
			);
			defaultConfigurationIsVisible = 0;
			defaultConfigurationName = Release;
		};
/* End XCConfigurationList section */
	};
	rootObject = 8219A056219F875100ADFC95 /* Project object */;
}
